
Microsoft Visual Studio Solution File, Format Version 12.00
# Visual Studio Version 16
VisualStudioVersion = 16.0.31515.178
MinimumVisualStudioVersion = 10.0.40219.1
Project("{9A19103F-16F7-4668-BE54-9A1E7A4F7556}") = "WebApi", "WebApi\WebApi.csproj", "{1AFD10E1-E16E-4E09-870C-AF44CAD975E5}"
EndProject
Project("{FAE04EC0-301F-11D3-BF4B-00C04F79EFBC}") = "WebApi.Tests", "WebApi.Tests\WebApi.Tests.csproj", "{CC06BC6C-5435-4B1F-8402-8FA96C8EC2E2}"
EndProject
Global
	GlobalSection(SolutionConfigurationPlatforms) = preSolution
		Debug|Any CPU = Debug|Any CPU
		Release|Any CPU = Release|Any CPU
	EndGlobalSection
	GlobalSection(ProjectConfigurationPlatforms) = postSolution
		{1AFD10E1-E16E-4E09-870C-AF44CAD975E5}.Debug|Any CPU.ActiveCfg = Debug|Any CPU
		{1AFD10E1-E16E-4E09-870C-AF44CAD975E5}.Debug|Any CPU.Build.0 = Debug|Any CPU
		{1AFD10E1-E16E-4E09-870C-AF44CAD975E5}.Release|Any CPU.ActiveCfg = Release|Any CPU
		{1AFD10E1-E16E-4E09-870C-AF44CAD975E5}.Release|Any CPU.Build.0 = Release|Any CPU
		{CC06BC6C-5435-4B1F-8402-8FA96C8EC2E2}.Debug|Any CPU.ActiveCfg = Debug|Any CPU
		{CC06BC6C-5435-4B1F-8402-8FA96C8EC2E2}.Debug|Any CPU.Build.0 = Debug|Any CPU
		{CC06BC6C-5435-4B1F-8402-8FA96C8EC2E2}.Release|Any CPU.ActiveCfg = Release|Any CPU
		{CC06BC6C-5435-4B1F-8402-8FA96C8EC2E2}.Release|Any CPU.Build.0 = Release|Any CPU
	EndGlobalSection
	GlobalSection(SolutionProperties) = preSolution
		HideSolutionNode = FALSE
	EndGlobalSection
	GlobalSection(ExtensibilityGlobals) = postSolution
		SolutionGuid = {F94B587F-2D07-4270-B356-A72E45F6D348}
	EndGlobalSection
EndGlobal
