
Microsoft Visual Studio Solution File, Format Version 12.00
# Visual Studio Version 16
VisualStudioVersion = 16.0.31515.178
MinimumVisualStudioVersion = 10.0.40219.1
Project("{9A19103F-16F7-4668-BE54-9A1E7A4F7556}") = "AmortizationCalculatorService", "AmortizationCalculatorService\AmortizationCalculatorService.csproj", "{2D3F2A6E-A2E2-4142-AC93-DE05ECDFD497}"
EndProject
Project("{9A19103F-16F7-4668-BE54-9A1E7A4F7556}") = "Domain", "Domain\Domain.csproj", "{B9DBAC9F-514E-4A2B-81C6-C29108D9A534}"
EndProject
Project("{9A19103F-16F7-4668-BE54-9A1E7A4F7556}") = "Domain.Tests", "Domain.Tests\Domain.Tests.csproj", "{627F0600-4769-44E8-A16E-326C12B9AC0B}"
EndProject
Project("{FAE04EC0-301F-11D3-BF4B-00C04F79EFBC}") = "AmortizationCalculatorService.Tests", "AmortizationCalculatorService.Tests\AmortizationCalculatorService.Tests.csproj", "{B1C11DF7-D80A-479F-91B5-198529175802}"
EndProject
Global
	GlobalSection(SolutionConfigurationPlatforms) = preSolution
		Debug|Any CPU = Debug|Any CPU
		Release|Any CPU = Release|Any CPU
	EndGlobalSection
	GlobalSection(ProjectConfigurationPlatforms) = postSolution
		{2D3F2A6E-A2E2-4142-AC93-DE05ECDFD497}.Debug|Any CPU.ActiveCfg = Debug|Any CPU
		{2D3F2A6E-A2E2-4142-AC93-DE05ECDFD497}.Debug|Any CPU.Build.0 = Debug|Any CPU
		{2D3F2A6E-A2E2-4142-AC93-DE05ECDFD497}.Release|Any CPU.ActiveCfg = Release|Any CPU
		{2D3F2A6E-A2E2-4142-AC93-DE05ECDFD497}.Release|Any CPU.Build.0 = Release|Any CPU
		{B9DBAC9F-514E-4A2B-81C6-C29108D9A534}.Debug|Any CPU.ActiveCfg = Debug|Any CPU
		{B9DBAC9F-514E-4A2B-81C6-C29108D9A534}.Debug|Any CPU.Build.0 = Debug|Any CPU
		{B9DBAC9F-514E-4A2B-81C6-C29108D9A534}.Release|Any CPU.ActiveCfg = Release|Any CPU
		{B9DBAC9F-514E-4A2B-81C6-C29108D9A534}.Release|Any CPU.Build.0 = Release|Any CPU
		{627F0600-4769-44E8-A16E-326C12B9AC0B}.Debug|Any CPU.ActiveCfg = Debug|Any CPU
		{627F0600-4769-44E8-A16E-326C12B9AC0B}.Debug|Any CPU.Build.0 = Debug|Any CPU
		{627F0600-4769-44E8-A16E-326C12B9AC0B}.Release|Any CPU.ActiveCfg = Release|Any CPU
		{627F0600-4769-44E8-A16E-326C12B9AC0B}.Release|Any CPU.Build.0 = Release|Any CPU
		{B1C11DF7-D80A-479F-91B5-198529175802}.Debug|Any CPU.ActiveCfg = Debug|Any CPU
		{B1C11DF7-D80A-479F-91B5-198529175802}.Debug|Any CPU.Build.0 = Debug|Any CPU
		{B1C11DF7-D80A-479F-91B5-198529175802}.Release|Any CPU.ActiveCfg = Release|Any CPU
		{B1C11DF7-D80A-479F-91B5-198529175802}.Release|Any CPU.Build.0 = Release|Any CPU
	EndGlobalSection
	GlobalSection(SolutionProperties) = preSolution
		HideSolutionNode = FALSE
	EndGlobalSection
	GlobalSection(ExtensibilityGlobals) = postSolution
		SolutionGuid = {6AEB3F4F-87FF-4166-8218-70A85F7A073A}
	EndGlobalSection
EndGlobal
